
Microsoft Visual Studio Solution File, Format Version 12.00
# Visual Studio Version 17
VisualStudioVersion = 17.4.33205.214
MinimumVisualStudioVersion = 10.0.40219.1
Project("{2150E333-8FDC-42A3-9474-1A3956D46DE8}") = "FrontEnd", "FrontEnd", "{0E8A93D4-6B27-443E-B1BC-F69EAD8FB3C6}"
EndProject
Project("{2150E333-8FDC-42A3-9474-1A3956D46DE8}") = "Services", "Services", "{24E1099B-39B4-4A86-BBC0-F2AAEEDC2C5C}"
EndProject
Project("{FAE04EC0-301F-11D3-BF4B-00C04F79EFBC}") = "GeekShopping.Web", "GeekShopping.Web\GeekShopping.Web.csproj", "{97EDA8D1-8BF2-4214-B0A1-E4AF9EB486E6}"
EndProject
Project("{FAE04EC0-301F-11D3-BF4B-00C04F79EFBC}") = "GeekShopping.ProductAPI", "GeekShopping.ProductAPI\GeekShopping.ProductAPI.csproj", "{279A3179-F2D1-45E8-A865-4DCA9C8DEE17}"
EndProject
Global
	GlobalSection(SolutionConfigurationPlatforms) = preSolution
		Debug|Any CPU = Debug|Any CPU
		Release|Any CPU = Release|Any CPU
	EndGlobalSection
	GlobalSection(ProjectConfigurationPlatforms) = postSolution
		{97EDA8D1-8BF2-4214-B0A1-E4AF9EB486E6}.Debug|Any CPU.ActiveCfg = Debug|Any CPU
		{97EDA8D1-8BF2-4214-B0A1-E4AF9EB486E6}.Debug|Any CPU.Build.0 = Debug|Any CPU
		{97EDA8D1-8BF2-4214-B0A1-E4AF9EB486E6}.Release|Any CPU.ActiveCfg = Release|Any CPU
		{97EDA8D1-8BF2-4214-B0A1-E4AF9EB486E6}.Release|Any CPU.Build.0 = Release|Any CPU
		{279A3179-F2D1-45E8-A865-4DCA9C8DEE17}.Debug|Any CPU.ActiveCfg = Debug|Any CPU
		{279A3179-F2D1-45E8-A865-4DCA9C8DEE17}.Debug|Any CPU.Build.0 = Debug|Any CPU
		{279A3179-F2D1-45E8-A865-4DCA9C8DEE17}.Release|Any CPU.ActiveCfg = Release|Any CPU
		{279A3179-F2D1-45E8-A865-4DCA9C8DEE17}.Release|Any CPU.Build.0 = Release|Any CPU
	EndGlobalSection
	GlobalSection(SolutionProperties) = preSolution
		HideSolutionNode = FALSE
	EndGlobalSection
	GlobalSection(NestedProjects) = preSolution
		{97EDA8D1-8BF2-4214-B0A1-E4AF9EB486E6} = {0E8A93D4-6B27-443E-B1BC-F69EAD8FB3C6}
		{279A3179-F2D1-45E8-A865-4DCA9C8DEE17} = {24E1099B-39B4-4A86-BBC0-F2AAEEDC2C5C}
	EndGlobalSection
	GlobalSection(ExtensibilityGlobals) = postSolution
		SolutionGuid = {3FA94A81-807E-46D1-A460-840DE2F5A5A3}
	EndGlobalSection
EndGlobal
